{
  "version": "5",
  "specifiers": {
    "jsr:@std/cli@^1.0.30": "1.0.30",
    "jsr:@std/encoding@^1.0.10": "1.0.10",
    "jsr:@std/fmt@^1.0.10": "1.0.10",
    "jsr:@std/fs@^1.0.24": "1.0.24",
    "jsr:@std/html@^1.0.7": "1.0.7",
    "jsr:@std/http@*": "1.1.1",
    "jsr:@std/internal@^1.0.14": "1.0.14",
    "jsr:@std/media-types@^1.1.0": "1.1.0",
    "jsr:@std/net@^1.0.6": "1.0.6",
    "jsr:@std/path@*": "1.1.5",
    "jsr:@std/path@^1.1.5": "1.1.5",
    "jsr:@std/streams@^1.1.1": "1.1.1",
    "npm:@anthropic-ai/sdk@0.106": "0.106.0",
    "npm:@netlify/blobs@8": "8.2.0"
  },
  "jsr": {
    "@std/cli@1.0.30": {
      "integrity": "769446536522d0417d7127ebcabcafac1ab0ce6766d0eb3fca1d36326fe98d13"
    },
    "@std/encoding@1.0.10": {
      "integrity": "8783c6384a2d13abd5e9e87a7ae0520a30e9f56aeeaa3bdf910a3eaaf5c811a1"
    },
    "@std/fmt@1.0.10": {
      "integrity": "90dfba288802ac6de82fb31d0917eb9e4450b9925b954d5e51fc29ac07419db5"
    },
    "@std/fs@1.0.24": {
      "integrity": "f3061b45b81673a2bece689da041df32d174be064c89eb6397fb5718d3fb7877"
    },
    "@std/html@1.0.7": {
      "integrity": "175c818905a6e75743c69c251395e273d82698e58cfe7dd76268d70e28b8d8fe"
    },
    "@std/http@1.1.1": {
      "integrity": "e343a9a80aea07c716b91be5c79df764144430ad2dd7c9121ed7443f08dc74f7",
      "dependencies": [
        "jsr:@std/cli",
        "jsr:@std/encoding",
        "jsr:@std/fmt",
        "jsr:@std/fs",
        "jsr:@std/html",
        "jsr:@std/media-types",
        "jsr:@std/net",
        "jsr:@std/path@^1.1.5",
        "jsr:@std/streams"
      ]
    },
    "@std/internal@1.0.14": {
      "integrity": "291516b3d4c35024d6ffbc0a9df5bf4c64116e05b50012cf846710152d2ffdf7"
    },
    "@std/media-types@1.1.0": {
      "integrity": "c9d093f0c05c3512932b330e3cc1fe1d627b301db33a4c2c2185c02471d6eaa4"
    },
    "@std/net@1.0.6": {
      "integrity": "110735f93e95bb9feb95790a8b1d1bf69ec0dc74f3f97a00a76ea5efea25500c"
    },
    "@std/path@1.1.5": {
      "integrity": "ccea00982ea28c36becaf6e62f855406c76a8c32d462f66f415bbb7d83a271bc",
      "dependencies": [
        "jsr:@std/internal"
      ]
    },
    "@std/streams@1.1.1": {
      "integrity": "92556d350e537e9dce527a6d08f6f15be3ff65e656079dea69d15252187c7613"
    }
  },
  "npm": {
    "@anthropic-ai/sdk@0.106.0": {
      "integrity": "sha512-ufwVvYNDBj2dzOGupBCTaNzBLxqcTnGOzI4z8Wouxlt+mT3J3HuOmatgCy1VmwCHOUueqZ41ERhm0O99OUcbWA==",
      "dependencies": [
        "json-schema-to-ts",
        "standardwebhooks"
      ],
      "bin": true
    },
    "@babel/runtime@7.29.7": {
      "integrity": "sha512-Nq8OhGWiZIZGV6hLHoyAKLLcJihP/xFeBMGJoUrxTX2psI8dCifzLhZISFb+VWS3wFMRDmCGw5R+dOySCqPLhw=="
    },
    "@netlify/blobs@8.2.0": {
      "integrity": "sha512-9djLZHBKsoKk8XCgwWSEPK9QnT8qqxEQGuYh48gFIcNLvpBKkLnHbDZuyUxmNemCfDz7h0HnMXgSPnnUVgARhg=="
    },
    "@stablelib/base64@1.0.1": {
      "integrity": "sha512-1bnPQqSxSuc3Ii6MhBysoWCg58j97aUjuCSZrGSmDxNqtytIi0k8utUenAwTZN4V5mXXYGsVUI9zeBqy+jBOSQ=="
    },
    "fast-sha256@1.3.0": {
      "integrity": "sha512-n11RGP/lrWEFI/bWdygLxhI+pVeo1ZYIVwvvPkW7azl/rOy+F3HYRZ2K5zeE9mmkhQppyv9sQFx0JM9UabnpPQ=="
    },
    "json-schema-to-ts@3.1.1": {
      "integrity": "sha512-+DWg8jCJG2TEnpy7kOm/7/AxaYoaRbjVB4LFZLySZlWn8exGs3A4OLJR966cVvU26N7X9TWxl+Jsw7dzAqKT6g==",
      "dependencies": [
        "@babel/runtime",
        "ts-algebra"
      ]
    },
    "standardwebhooks@1.0.0": {
      "integrity": "sha512-BbHGOQK9olHPMvQNHWul6MYlrRTAOKn03rOe4A8O3CLWhNf4YHBqq2HJKKC+sfqpxiBY52pNeesD6jIiLDz8jg==",
      "dependencies": [
        "@stablelib/base64",
        "fast-sha256"
      ]
    },
    "ts-algebra@2.0.0": {
      "integrity": "sha512-FPAhNPFMrkwz76P7cdjdmiShwMynZYN6SgOujD1urY4oNm80Ou9oMdmbR45LotcKOXoy7wSmHkRFE6Mxbrhefw=="
    }
  },
  "redirects": {
    "https://esm.sh/@netlify/blobs@8": "https://esm.sh/@netlify/blobs@8.2.0",
    "https://esm.sh/@stablelib/base64@^1.0.0?target=denonext": "https://esm.sh/@stablelib/base64@1.0.1?target=denonext",
    "https://esm.sh/fast-sha256@^1.3.0?target=denonext": "https://esm.sh/fast-sha256@1.3.0?target=denonext",
    "https://esm.sh/standardwebhooks@^1.0.0?target=denonext": "https://esm.sh/standardwebhooks@1.0.0?target=denonext"
  },
  "remote": {
    "https://edge.netlify.com/": "fd941d61d88673d5f28aab283fb86fcc50f08a3bc80ee5470498fcfa88c65cfb",
    "https://edge.netlify.com/bootstrap/config.ts": "6a2ce0e544e15e8f8883a5c18da5948e37fd0f2619f68cb31f3af53c51817025",
    "https://edge.netlify.com/bootstrap/context.ts": "e97240232121e2f369f6546ce961490f34d961ea1ea54be3ff09633e3f08373f",
    "https://edge.netlify.com/bootstrap/cookie.ts": "8b0baae708989ca183c6f3b4ab3d029e6abcbc2e43f93edeb0ff447b3bbc3a05",
    "https://edge.netlify.com/bootstrap/edge_function.ts": "b8253e86aa83c67341f5cfedeba5049d77fbf84dcab7eceff7566b7728ae9b39",
    "https://edge.netlify.com/bootstrap/globals/types.ts": "eaa6148ded3121d8dee62dd91c86e7fe76601df0f3ca8d7962243a30f4c8935f",
    "https://esm.sh/@anthropic-ai/sdk@0.106.0": "03af77c094c23191cee7ed351bc7192d38965f584cc7c0a294f5923f1c2f37d1",
    "https://esm.sh/@anthropic-ai/sdk@0.106.0/denonext/client.mjs": "8176a107661dd67e85ec0c337fefef9d414eef24b81c30f5f35719fd2b1d9a7c",
    "https://esm.sh/@anthropic-ai/sdk@0.106.0/denonext/core/api-promise.mjs": "aa48d8a46f2890146b8d4b363178ef49755b89a839796d0c37a3536c592af3e0",
    "https://esm.sh/@anthropic-ai/sdk@0.106.0/denonext/core/error.mjs": "9110aefba245f588abaff67abb7af306e408d3c75cfb87b4cebe79fa4fb39956",
    "https://esm.sh/@anthropic-ai/sdk@0.106.0/denonext/core/pagination.mjs": "43c462645e4cb9e235d4ea217a1c11c5cdbe6f1580705e301da284bc9cabb210",
    "https://esm.sh/@anthropic-ai/sdk@0.106.0/denonext/core/resource.mjs": "8805d0a7e019053fb99a30d8c30351fb20e956a63ec96e2e96d289e609f7d7e7",
    "https://esm.sh/@anthropic-ai/sdk@0.106.0/denonext/core/streaming.mjs": "73def7d5013e1f49d11fb1625bea786a693c68d5f217500288d1eb5b40c746bc",
    "https://esm.sh/@anthropic-ai/sdk@0.106.0/denonext/core/uploads.mjs": "18f06e6beb105cd7493f50243170b9f7850802c334c388331d9b30b99715bee9",
    "https://esm.sh/@anthropic-ai/sdk@0.106.0/denonext/error.mjs": "bff1b95ca01abd9e2bd1a068c3ec2a2896142772e581436bd34643c12f50a53e",
    "https://esm.sh/@anthropic-ai/sdk@0.106.0/denonext/internal/decoders/line.mjs": "8b9892342db196e37caea43c627a8a607d089c8b5bff543a77633d9c5b2499ba",
    "https://esm.sh/@anthropic-ai/sdk@0.106.0/denonext/internal/errors.mjs": "2a1defdcd8ff049b8d4fa146030de47838ee3ddd492f3bc9c73c28de12e46950",
    "https://esm.sh/@anthropic-ai/sdk@0.106.0/denonext/internal/headers.mjs": "57fc23bbc4a0a7c066aaf3597d5107dad63ce9e1403701824f38509c71a3d623",
    "https://esm.sh/@anthropic-ai/sdk@0.106.0/denonext/internal/parse.mjs": "643725c854443f060a708160fca4e7d4e0618f5213833a5433a2491b1ec1bc44",
    "https://esm.sh/@anthropic-ai/sdk@0.106.0/denonext/internal/request-options.mjs": "abd2ecf197dd5529063d91991dea39b77174655966a61d275a7758bdb84166a6",
    "https://esm.sh/@anthropic-ai/sdk@0.106.0/denonext/internal/shims.mjs": "a6813e776871051bff05fdad55602c473fcc3c1a4c86bc99af97ae5eeb2d5c56",
    "https://esm.sh/@anthropic-ai/sdk@0.106.0/denonext/internal/stainless-helper-header.mjs": "41c8664dcc43f255de6ab91b5a67fe10f3aa02dcbac6a63edfa889fb1435d371",
    "https://esm.sh/@anthropic-ai/sdk@0.106.0/denonext/internal/tslib.mjs": "73bd73107634fa2bfc528daf7db6fdd3143eaf2fc000be7d9a48cc19189df705",
    "https://esm.sh/@anthropic-ai/sdk@0.106.0/denonext/internal/uploads.mjs": "e96f4749d2aa4a473446a0a0d21865492a2af5b685604d628ab3fcf7c4f2e82a",
    "https://esm.sh/@anthropic-ai/sdk@0.106.0/denonext/internal/utils/bytes.mjs": "9f801d794327c327e66861a5f863ce038dfc828c032ddd49282d4b89b3cce101",
    "https://esm.sh/@anthropic-ai/sdk@0.106.0/denonext/internal/utils/env.mjs": "0f6910d523116a8924bb6452958bc5d877a6731f579dfdbd643d5d987200da32",
    "https://esm.sh/@anthropic-ai/sdk@0.106.0/denonext/internal/utils/log.mjs": "2d59eb347f24e5ccb35012a1c09c722c56fe7c1da44cf3b6189f6062068bc069",
    "https://esm.sh/@anthropic-ai/sdk@0.106.0/denonext/internal/utils/values.mjs": "4bc9faec32dd2aa85f2faa87dc1de4a3bcbdba9f95317e9254d7f8f8a8f7bd0e",
    "https://esm.sh/@anthropic-ai/sdk@0.106.0/denonext/resources/index.mjs": "5870b0146108f56f22b28d877b3e7620090c3066aa598fd6b66b6a4c5d74a550",
    "https://esm.sh/@anthropic-ai/sdk@0.106.0/denonext/sdk.mjs": "7a1980d32d9b37575235a12569d0c746bce236b0850b2c584dbcc6dfcf511976",
    "https://esm.sh/@anthropic-ai/sdk@0.106.0/denonext/streaming.mjs": "fd04c6e5f3dbfbcfb76973aea7053896b0db04e4057e0827db2040b19969a9ff",
    "https://esm.sh/@anthropic-ai/sdk@0.106.0/denonext/tools/agent-toolset/node.mjs": "c1945d423feeb77f2f6ef7920ab3e60260d7534025bc623036d506867d086d09",
    "https://esm.sh/@anthropic-ai/sdk@0.106.0/denonext/version.mjs": "597028761ec18985b8449ff0d1e1ed890511f5ac19ef2970ca4a3beee233ebcd",
    "https://esm.sh/@netlify/blobs@8.2.0": "ed64ce46ee5bcf38fb05ce4f232dda50116ec9a2914e693829499905ae6fb41e",
    "https://esm.sh/@netlify/blobs@8.2.0/denonext/blobs.mjs": "5d449f93a076f020143a8517ac9f80f035eb06524c5f099b75c473aa1121f2a4",
    "https://esm.sh/@netlify/blobs@8.2.0/denonext/dist/chunk-XR3MUBBK.mjs": "ecc742dff60154403d1544ce74a21f9eaf2c2e93e5d96b5f6ee8f3f420b669a6",
    "https://esm.sh/@stablelib/base64@1.0.1/denonext/base64.mjs": "34390feb4ceca61c968c8b802f0da0c3e47b55979dfcad2f0b19724264b026ee",
    "https://esm.sh/@stablelib/base64@1.0.1?target=denonext": "d6a21d947314ef3a453f3e0dc95c17b7c5d4ca4a29937f10eea783360a736c51",
    "https://esm.sh/fast-sha256@1.3.0/denonext/fast-sha256.mjs": "bcf37227dddce83918628de1aed52ce77d8211499b3ad06c019cc77e0322c0b2",
    "https://esm.sh/fast-sha256@1.3.0?target=denonext": "e1af1f94f63902ce191180a8ede5eda744b74f6abb885dae5f8b1fd9e13c8575",
    "https://esm.sh/fetch-blob@3.2.0/from.js": "aa91ebb7c56576b2ef4b65c1c609de98a0f3c51ec2dac0736bdf3ad09c07ffa0",
    "https://esm.sh/formdata-polyfill@4.0.10/esm.min.js": "1ac76051dd150f7e961b625426616a4cdabe1862a9916a18140fdcc8f19f9a7e",
    "https://esm.sh/standardwebhooks@1.0.0/denonext/standardwebhooks.mjs": "6e51b5073217b0b65c233748e4d513bbd8659ed1ddeb9adc594aaf1746777645",
    "https://esm.sh/standardwebhooks@1.0.0?target=denonext": "b8cafcb7e9a890c14c0eb74cb093f36333000122e2276cc204818f6a680c8ba9",
    "https://esm.sh/undici-types@8.5.0/handlers": "fabf6997a3adf11e45d11e3c4d58d0634ab98f9d72f3116f3694123818ccd457",
    "https://esm.sh/undici-types@8.5.0/retry-handler": "fabf6997a3adf11e45d11e3c4d58d0634ab98f9d72f3116f3694123818ccd457",
    "https://esm.sh/undici@8.5.0/types/handlers": "fabf6997a3adf11e45d11e3c4d58d0634ab98f9d72f3116f3694123818ccd457",
    "https://esm.sh/undici@8.5.0/types/retry-handler": "fabf6997a3adf11e45d11e3c4d58d0634ab98f9d72f3116f3694123818ccd457"
  }
}
